{
  "nodes": {
    "bufferline": {
      "flake": false,
      "locked": {
        "lastModified": 1732824069,
        "narHash": "sha256-zqz2GMius0gLxtgxt12RmLUVQFVaWe+MQaGCfUGr6bI=",
        "owner": "akinsho",
        "repo": "bufferline.nvim",
        "rev": "261a72b90d6db4ed8014f7bda976bcdc9dd7ce76",
        "type": "github"
      },
      "original": {
        "owner": "akinsho",
        "repo": "bufferline.nvim",
        "type": "github"
      }
    },
    "cmp-buffer": {
      "flake": false,
      "locked": {
        "lastModified": 1660101488,
        "narHash": "sha256-dG4U7MtnXThoa/PD+qFtCt76MQ14V1wX8GMYcvxEnbM=",
        "owner": "hrsh7th",
        "repo": "cmp-buffer",
        "rev": "3022dbc9166796b644a841a02de8dd1cc1d311fa",
        "type": "github"
      },
      "original": {
        "owner": "hrsh7th",
        "repo": "cmp-buffer",
        "type": "github"
      }
    },
    "cmp-luasnip": {
      "flake": false,
      "locked": {
        "lastModified": 1730707109,
        "narHash": "sha256-86lKQPPyqFz8jzuLajjHMKHrYnwW6+QOcPyQEx6B+gw=",
        "owner": "saadparwaiz1",
        "repo": "cmp_luasnip",
        "rev": "98d9cb5c2c38532bd9bdb481067b20fea8f32e90",
        "type": "github"
      },
      "original": {
        "owner": "saadparwaiz1",
        "repo": "cmp_luasnip",
        "type": "github"
      }
    },
    "cmp-nvim-lsp": {
      "flake": false,
      "locked": {
        "lastModified": 1733823748,
        "narHash": "sha256-iaihXNCF5bB5MdeoosD/kc3QtpA/QaIDZVLiLIurBSM=",
        "owner": "hrsh7th",
        "repo": "cmp-nvim-lsp",
        "rev": "99290b3ec1322070bcfb9e846450a46f6efa50f0",
        "type": "github"
      },
      "original": {
        "owner": "hrsh7th",
        "repo": "cmp-nvim-lsp",
        "type": "github"
      }
    },
    "cmp-path": {
      "flake": false,
      "locked": {
        "lastModified": 1664784283,
        "narHash": "sha256-thppiiV3wjIaZnAXmsh7j3DUc6ceSCvGzviwFUnoPaI=",
        "owner": "hrsh7th",
        "repo": "cmp-path",
        "rev": "91ff86cd9c29299a64f968ebb45846c485725f23",
        "type": "github"
      },
      "original": {
        "owner": "hrsh7th",
        "repo": "cmp-path",
        "type": "github"
      }
    },
    "crates-nvim": {
      "flake": false,
      "locked": {
        "lastModified": 1727384188,
        "narHash": "sha256-DIG0MXRTit4iEVoLlgsTK4znjam/QDjeZEpIDn6KHiE=",
        "owner": "Saecki",
        "repo": "crates.nvim",
        "rev": "8bf8358ee326d5d8c11dcd7ac0bcc9ff97dbc785",
        "type": "github"
      },
      "original": {
        "owner": "Saecki",
        "repo": "crates.nvim",
        "type": "github"
      }
    },
    "dressing": {
      "flake": false,
      "locked": {
        "lastModified": 1734804193,
        "narHash": "sha256-N4hB5wDgoqXrXxSfzDCrqmdDtdVvq+PtOS7FBPH7qXE=",
        "owner": "stevearc",
        "repo": "dressing.nvim",
        "rev": "3a45525bb182730fe462325c99395529308f431e",
        "type": "github"
      },
      "original": {
        "owner": "stevearc",
        "repo": "dressing.nvim",
        "type": "github"
      }
    },
    "dropbar": {
      "flake": false,
      "locked": {
        "lastModified": 1734897734,
        "narHash": "sha256-dVDH17z1hWy8z8pewxRtvrQEaOKepAbuN431bYrU7TA=",
        "owner": "Bekaboo",
        "repo": "dropbar.nvim",
        "rev": "1af54fc328f5c32ff40f5d1370fea3381bf69566",
        "type": "github"
      },
      "original": {
        "owner": "Bekaboo",
        "repo": "dropbar.nvim",
        "type": "github"
      }
    },
    "flake-compat": {
      "flake": false,
      "locked": {
        "lastModified": 1733328505,
        "narHash": "sha256-NeCCThCEP3eCl2l/+27kNNK7QrwZB1IJCrXfrbv5oqU=",
        "owner": "edolstra",
        "repo": "flake-compat",
        "rev": "ff81ac966bb2cae68946d5ed5fc4994f96d0ffec",
        "type": "github"
      },
      "original": {
        "owner": "edolstra",
        "repo": "flake-compat",
        "type": "github"
      }
    },
    "flake-compat_2": {
      "flake": false,
      "locked": {
        "lastModified": 1696426674,
        "narHash": "sha256-kvjfFW7WAETZlt09AgDn1MrtKzP7t90Vf7vypd3OL1U=",
        "owner": "edolstra",
        "repo": "flake-compat",
        "rev": "0f9255e01c2351cc7d116c072cb317785dd33b33",
        "type": "github"
      },
      "original": {
        "owner": "edolstra",
        "repo": "flake-compat",
        "type": "github"
      }
    },
    "flake-parts": {
      "inputs": {
        "nixpkgs-lib": [
          "neovim-nightly-overlay",
          "nixpkgs"
        ]
      },
      "locked": {
        "lastModified": 1736143030,
        "narHash": "sha256-+hu54pAoLDEZT9pjHlqL9DNzWz0NbUn8NEAHP7PQPzU=",
        "owner": "hercules-ci",
        "repo": "flake-parts",
        "rev": "b905f6fc23a9051a6e1b741e1438dbfc0634c6de",
        "type": "github"
      },
      "original": {
        "owner": "hercules-ci",
        "repo": "flake-parts",
        "type": "github"
      }
    },
    "flake-parts_2": {
      "inputs": {
        "nixpkgs-lib": [
          "neovim-nightly-overlay",
          "hercules-ci-effects",
          "nixpkgs"
        ]
      },
      "locked": {
        "lastModified": 1733312601,
        "narHash": "sha256-4pDvzqnegAfRkPwO3wmwBhVi/Sye1mzps0zHWYnP88c=",
        "owner": "hercules-ci",
        "repo": "flake-parts",
        "rev": "205b12d8b7cd4802fbcb8e8ef6a0f1408781a4f9",
        "type": "github"
      },
      "original": {
        "id": "flake-parts",
        "type": "indirect"
      }
    },
    "flake-utils": {
      "inputs": {
        "systems": "systems"
      },
      "locked": {
        "lastModified": 1731533236,
        "narHash": "sha256-l0KFg5HjrsfsO/JpG+r7fRrqm12kzFHyUHqHCVpMMbI=",
        "owner": "numtide",
        "repo": "flake-utils",
        "rev": "11707dc2f618dd54ca8739b309ec4fc024de578b",
        "type": "github"
      },
      "original": {
        "owner": "numtide",
        "repo": "flake-utils",
        "type": "github"
      }
    },
    "friendly-snippets": {
      "flake": false,
      "locked": {
        "lastModified": 1733106470,
        "narHash": "sha256-I8SRZxnoNC6SOWW+scoA77Jwyxcb4eUczppLdyOiZe0=",
        "owner": "rafamadriz",
        "repo": "friendly-snippets",
        "rev": "efff286dd74c22f731cdec26a70b46e5b203c619",
        "type": "github"
      },
      "original": {
        "owner": "rafamadriz",
        "repo": "friendly-snippets",
        "type": "github"
      }
    },
    "git-hooks": {
      "inputs": {
        "flake-compat": "flake-compat_2",
        "gitignore": "gitignore",
        "nixpkgs": [
          "neovim-nightly-overlay",
          "nixpkgs"
        ]
      },
      "locked": {
        "lastModified": 1735882644,
        "narHash": "sha256-3FZAG+pGt3OElQjesCAWeMkQ7C/nB1oTHLRQ8ceP110=",
        "owner": "cachix",
        "repo": "git-hooks.nix",
        "rev": "a5a961387e75ae44cc20f0a57ae463da5e959656",
        "type": "github"
      },
      "original": {
        "owner": "cachix",
        "repo": "git-hooks.nix",
        "type": "github"
      }
    },
    "gitignore": {
      "inputs": {
        "nixpkgs": [
          "neovim-nightly-overlay",
          "git-hooks",
          "nixpkgs"
        ]
      },
      "locked": {
        "lastModified": 1709087332,
        "narHash": "sha256-HG2cCnktfHsKV0s4XW83gU3F57gaTljL9KNSuG6bnQs=",
        "owner": "hercules-ci",
        "repo": "gitignore.nix",
        "rev": "637db329424fd7e46cf4185293b9cc8c88c95394",
        "type": "github"
      },
      "original": {
        "owner": "hercules-ci",
        "repo": "gitignore.nix",
        "type": "github"
      }
    },
    "gitsigns": {
      "flake": false,
      "locked": {
        "lastModified": 1732361574,
        "narHash": "sha256-H7A+AxioiedSuC+jqRwP4c7DjZR/0j4o/fTUasT2urc=",
        "owner": "lewis6991",
        "repo": "gitsigns.nvim",
        "rev": "5f808b5e4fef30bd8aca1b803b4e555da07fc412",
        "type": "github"
      },
      "original": {
        "owner": "lewis6991",
        "repo": "gitsigns.nvim",
        "type": "github"
      }
    },
    "gruvbox": {
      "flake": false,
      "locked": {
        "lastModified": 1732485864,
        "narHash": "sha256-qasIg1nvAlUWUUzSZLF36jnoNm8PmQa3owgh0tKGgHk=",
        "owner": "ellisonleao",
        "repo": "gruvbox.nvim",
        "rev": "68c3460a5d1d1a362318960035c9f3466d5011f5",
        "type": "github"
      },
      "original": {
        "owner": "ellisonleao",
        "repo": "gruvbox.nvim",
        "type": "github"
      }
    },
    "gruvbox-material": {
      "flake": false,
      "locked": {
        "lastModified": 1734487737,
        "narHash": "sha256-qErvjgqqWaCFeC9rdKQIRoHPhIew7GLxoXXYcqUVlI0=",
        "owner": "sainnhe",
        "repo": "gruvbox-material",
        "rev": "b95c102f683d6402f84c8e492d3b0641c2d273e4",
        "type": "github"
      },
      "original": {
        "owner": "sainnhe",
        "repo": "gruvbox-material",
        "type": "github"
      }
    },
    "hercules-ci-effects": {
      "inputs": {
        "flake-parts": "flake-parts_2",
        "nixpkgs": [
          "neovim-nightly-overlay",
          "nixpkgs"
        ]
      },
      "locked": {
        "lastModified": 1735695978,
        "narHash": "sha256-cwk53OX1S1bCFY09zydubZNmmwcx9l5XEba8mVYuNE4=",
        "owner": "hercules-ci",
        "repo": "hercules-ci-effects",
        "rev": "f6233b5cfbada692d93a73d6ed35bdbfd0fdb9c4",
        "type": "github"
      },
      "original": {
        "owner": "hercules-ci",
        "repo": "hercules-ci-effects",
        "type": "github"
      }
    },
    "hex-nvim": {
      "flake": false,
      "locked": {
        "lastModified": 1728458034,
        "narHash": "sha256-m/B4y6GYGcOFPSoL2Z7Y+y+wP+sws7NHwfIilbptCPI=",
        "owner": "RaafatTurki",
        "repo": "hex.nvim",
        "rev": "fcff75fcf43b5a6c5b471eed65b3a06c412d6020",
        "type": "github"
      },
      "original": {
        "owner": "RaafatTurki",
        "repo": "hex.nvim",
        "type": "github"
      }
    },
    "inc-rename": {
      "flake": false,
      "locked": {
        "lastModified": 1734295683,
        "narHash": "sha256-bCmjhQde/VXY50nVWAORJZn1B4cI4hO/LzeNQ3s7BMk=",
        "owner": "smjonas",
        "repo": "inc-rename.nvim",
        "rev": "f4e13df6e2d0b3177a7305dbc1cc7f7ea44b94f1",
        "type": "github"
      },
      "original": {
        "owner": "smjonas",
        "repo": "inc-rename.nvim",
        "type": "github"
      }
    },
    "leap": {
      "flake": false,
      "locked": {
        "lastModified": 1722337962,
        "narHash": "sha256-PFD/UliAHKk2ga+7p/GmoZGqZFWenIVLkzmO+FkhvrY=",
        "owner": "ggandor",
        "repo": "leap.nvim",
        "rev": "c6bfb191f1161fbabace1f36f578a20ac6c7642c",
        "type": "github"
      },
      "original": {
        "owner": "ggandor",
        "repo": "leap.nvim",
        "type": "github"
      }
    },
    "lsp-status": {
      "flake": false,
      "locked": {
        "lastModified": 1659485921,
        "narHash": "sha256-gmLeVnDyL8Zf5ZG92tP3mb/LAt438BxFtAi/Xax2zLI=",
        "owner": "nvim-lua",
        "repo": "lsp-status.nvim",
        "rev": "54f48eb5017632d81d0fd40112065f1d062d0629",
        "type": "github"
      },
      "original": {
        "owner": "nvim-lua",
        "repo": "lsp-status.nvim",
        "type": "github"
      }
    },
    "lspkind": {
      "flake": false,
      "locked": {
        "lastModified": 1733408701,
        "narHash": "sha256-OCvKUBGuzwy8OWOL1x3Z3fo+0+GyBMI9TX41xSveqvE=",
        "owner": "onsails",
        "repo": "lspkind.nvim",
        "rev": "d79a1c3299ad0ef94e255d045bed9fa26025dab6",
        "type": "github"
      },
      "original": {
        "owner": "onsails",
        "repo": "lspkind.nvim",
        "type": "github"
      }
    },
    "lua-snip": {
      "flake": false,
      "locked": {
        "lastModified": 1733162004,
        "narHash": "sha256-efDe3RXncnNVkj37AmIv8oj0DKurB50Dziao5FGTLP4=",
        "owner": "L3MON4D3",
        "repo": "LuaSnip",
        "rev": "33b06d72d220aa56a7ce80a0dd6f06c70cd82b9d",
        "type": "github"
      },
      "original": {
        "owner": "L3MON4D3",
        "repo": "LuaSnip",
        "type": "github"
      }
    },
    "lualine": {
      "flake": false,
      "locked": {
        "lastModified": 1731050126,
        "narHash": "sha256-IN6Qz3jGxUcylYiRTyd8j6me3pAoqJsJXtFUvph/6EI=",
        "owner": "nvim-lualine",
        "repo": "lualine.nvim",
        "rev": "2a5bae925481f999263d6f5ed8361baef8df4f83",
        "type": "github"
      },
      "original": {
        "owner": "nvim-lualine",
        "repo": "lualine.nvim",
        "type": "github"
      }
    },
    "mini-ai": {
      "flake": false,
      "locked": {
        "lastModified": 1733662803,
        "narHash": "sha256-b/776l9nYM9e2atzXrvOk9dCxjzIuW/+iINC/yPv88Y=",
        "owner": "echasnovski",
        "repo": "mini.ai",
        "rev": "ebb04799794a7f94628153991e6334c3304961b8",
        "type": "github"
      },
      "original": {
        "owner": "echasnovski",
        "repo": "mini.ai",
        "type": "github"
      }
    },
    "mini-bufremove": {
      "flake": false,
      "locked": {
        "lastModified": 1730726192,
        "narHash": "sha256-CB6ZIlrCQlh2W44Knnb10REDcvj4jcYkW/9CiOaoH2E=",
        "owner": "echasnovski",
        "repo": "mini.bufremove",
        "rev": "285bdac9596ee7375db50c0f76ed04336dcd2685",
        "type": "github"
      },
      "original": {
        "owner": "echasnovski",
        "repo": "mini.bufremove",
        "type": "github"
      }
    },
    "mini-comment": {
      "flake": false,
      "locked": {
        "lastModified": 1727523261,
        "narHash": "sha256-9+ZK0O16LBOs/h9jvrGdFhrGc6sc+koRALHz8Jrj0L4=",
        "owner": "echasnovski",
        "repo": "mini.comment",
        "rev": "a56581c40c19fa26f2b39da72504398de3173c5a",
        "type": "github"
      },
      "original": {
        "owner": "echasnovski",
        "repo": "mini.comment",
        "type": "github"
      }
    },
    "mini-icons": {
      "flake": false,
      "locked": {
        "lastModified": 1734008284,
        "narHash": "sha256-RxaOntmnL/xy8lYu3fTBve3MV7ZTRc/xSrp5psU/YW0=",
        "owner": "echasnovski",
        "repo": "mini.icons",
        "rev": "44c0160526f7ae17ca8e8eab9ab235d047fcf7a6",
        "type": "github"
      },
      "original": {
        "owner": "echasnovski",
        "repo": "mini.icons",
        "type": "github"
      }
    },
    "mini-indentscope": {
      "flake": false,
      "locked": {
        "lastModified": 1725613926,
        "narHash": "sha256-zzD+RFSA9YHNWJO1030G7k6vCI0X0l3ra2vGhAmLcN0=",
        "owner": "echasnovski",
        "repo": "mini.indentscope",
        "rev": "da9af64649e114aa79480c238fd23f6524bc0903",
        "type": "github"
      },
      "original": {
        "owner": "echasnovski",
        "repo": "mini.indentscope",
        "type": "github"
      }
    },
    "mini-pairs": {
      "flake": false,
      "locked": {
        "lastModified": 1728656795,
        "narHash": "sha256-PtHxLKU1smVTx655r5SINxuz5CJmZWnBW70T8zJ/oxM=",
        "owner": "echasnovski",
        "repo": "mini.pairs",
        "rev": "7e834c5937d95364cc1740e20d673afe2d034cdb",
        "type": "github"
      },
      "original": {
        "owner": "echasnovski",
        "repo": "mini.pairs",
        "type": "github"
      }
    },
    "neo-tree": {
      "flake": false,
      "locked": {
        "lastModified": 1734970062,
        "narHash": "sha256-YIf/0m9KkrL9qNzKTSEOsKICgBxSOUNRcAeMSz3Qwuo=",
        "owner": "nvim-neo-tree",
        "repo": "neo-tree.nvim",
        "rev": "45c75e5f31e3581fb4b4883a81c7d7c4f3578b70",
        "type": "github"
      },
      "original": {
        "owner": "nvim-neo-tree",
        "repo": "neo-tree.nvim",
        "type": "github"
      }
    },
    "neoconf": {
      "flake": false,
      "locked": {
        "lastModified": 1734917423,
        "narHash": "sha256-Wx0K/Ggo7XcrkXhlnXx1FNpBbiTY0OIQ8WfXA95GxWw=",
        "owner": "folke",
        "repo": "neoconf.nvim",
        "rev": "17a88b82bed71b3e40476ffe61be247e4af15825",
        "type": "github"
      },
      "original": {
        "owner": "folke",
        "repo": "neoconf.nvim",
        "type": "github"
      }
    },
    "neodev": {
      "flake": false,
      "locked": {
        "lastModified": 1720260306,
        "narHash": "sha256-hOjzlo/IqmV8tYjGwfmcCPEmHYsWnEIwtHZdhpwA1kM=",
        "owner": "folke",
        "repo": "neodev.nvim",
        "rev": "46aa467dca16cf3dfe27098042402066d2ae242d",
        "type": "github"
      },
      "original": {
        "owner": "folke",
        "repo": "neodev.nvim",
        "type": "github"
      }
    },
    "neovim-nightly-overlay": {
      "inputs": {
        "flake-compat": "flake-compat",
        "flake-parts": "flake-parts",
        "git-hooks": "git-hooks",
        "hercules-ci-effects": "hercules-ci-effects",
        "neovim-src": "neovim-src",
        "nixpkgs": "nixpkgs",
        "treefmt-nix": "treefmt-nix"
      },
      "locked": {
        "lastModified": 1736233375,
        "narHash": "sha256-I6fqKdaoKOVU33SyPv+MuxWRiOs+PXQTO94aCLA3rAc=",
        "owner": "nix-community",
        "repo": "neovim-nightly-overlay",
        "rev": "721f5f602b876a3ee21be04f68ab3cedf162e7f6",
        "type": "github"
      },
      "original": {
        "owner": "nix-community",
        "repo": "neovim-nightly-overlay",
        "type": "github"
      }
    },
    "neovim-src": {
      "flake": false,
      "locked": {
        "lastModified": 1736193797,
        "narHash": "sha256-5S4RnwKfa5nn/r+8OsMtfgD6TEA5P6cWKti76A0zIMc=",
        "owner": "neovim",
        "repo": "neovim",
        "rev": "b6ab294838421afb6932c52dd6e6d35d571e621d",
        "type": "github"
      },
      "original": {
        "owner": "neovim",
        "repo": "neovim",
        "type": "github"
      }
    },
    "nixpkgs": {
      "locked": {
        "lastModified": 1736042175,
        "narHash": "sha256-jdd5UWtLVrNEW8K6u5sy5upNAFmF3S4Y+OIeToqJ1X8=",
        "owner": "NixOS",
        "repo": "nixpkgs",
        "rev": "bf689c40d035239a489de5997a4da5352434632e",
        "type": "github"
      },
      "original": {
        "owner": "NixOS",
        "ref": "nixpkgs-unstable",
        "repo": "nixpkgs",
        "type": "github"
      }
    },
    "nixpkgs_2": {
      "locked": {
        "lastModified": 1734649271,
        "narHash": "sha256-4EVBRhOjMDuGtMaofAIqzJbg4Ql7Ai0PSeuVZTHjyKQ=",
        "owner": "nixos",
        "repo": "nixpkgs",
        "rev": "d70bd19e0a38ad4790d3913bf08fcbfc9eeca507",
        "type": "github"
      },
      "original": {
        "owner": "nixos",
        "ref": "nixos-unstable",
        "repo": "nixpkgs",
        "type": "github"
      }
    },
    "noice": {
      "flake": false,
      "locked": {
        "lastModified": 1734026622,
        "narHash": "sha256-OpwgNTGunmy6Y7D/k0T+DFK/WJ8MeVTGWwjiPTQlvEY=",
        "owner": "folke",
        "repo": "noice.nvim",
        "rev": "eaed6cc9c06aa2013b5255349e4f26a6b17ab70f",
        "type": "github"
      },
      "original": {
        "owner": "folke",
        "repo": "noice.nvim",
        "type": "github"
      }
    },
    "nui": {
      "flake": false,
      "locked": {
        "lastModified": 1733856815,
        "narHash": "sha256-6U7E/i5FuNXQy+sF4C5DVxuTPqNKD5wxUgFohpOjm9Q=",
        "owner": "MunifTanjim",
        "repo": "nui.nvim",
        "rev": "53e907ffe5eedebdca1cd503b00aa8692068ca46",
        "type": "github"
      },
      "original": {
        "owner": "MunifTanjim",
        "repo": "nui.nvim",
        "type": "github"
      }
    },
    "null-ls": {
      "flake": false,
      "locked": {
        "lastModified": 1691810493,
        "narHash": "sha256-cWA0rzkOp/ekVKaFee7iea1lhnqKtWUIU+fW5M950wI=",
        "owner": "jose-elias-alvarez",
        "repo": "null-ls.nvim",
        "rev": "0010ea927ab7c09ef0ce9bf28c2b573fc302f5a7",
        "type": "github"
      },
      "original": {
        "owner": "jose-elias-alvarez",
        "repo": "null-ls.nvim",
        "type": "github"
      }
    },
    "nvim-cmp": {
      "flake": false,
      "locked": {
        "lastModified": 1734672427,
        "narHash": "sha256-Z/Qy2ErbCa7dbjZVuJUkMmb4d24amNunNgRcbCGPfOg=",
        "owner": "hrsh7th",
        "repo": "nvim-cmp",
        "rev": "b555203ce4bd7ff6192e759af3362f9d217e8c89",
        "type": "github"
      },
      "original": {
        "owner": "hrsh7th",
        "repo": "nvim-cmp",
        "type": "github"
      }
    },
    "nvim-lspconfig": {
      "flake": false,
      "locked": {
        "lastModified": 1734959202,
        "narHash": "sha256-UUW32unKgBZmighFNiEFmBcIPr/bcCdrW+wp3idZr4o=",
        "owner": "neovim",
        "repo": "nvim-lspconfig",
        "rev": "c580f34bc5fdca8aaf737a9ab8a5d775cb940e57",
        "type": "github"
      },
      "original": {
        "owner": "neovim",
        "repo": "nvim-lspconfig",
        "type": "github"
      }
    },
    "nvim-navic": {
      "flake": false,
      "locked": {
        "lastModified": 1701345631,
        "narHash": "sha256-0p5n/V8Jlj9XyxV/fuMwsbQ7oV5m9H2GqZZEA/njxCQ=",
        "owner": "SmiteshP",
        "repo": "nvim-navic",
        "rev": "8649f694d3e76ee10c19255dece6411c29206a54",
        "type": "github"
      },
      "original": {
        "owner": "SmiteshP",
        "repo": "nvim-navic",
        "type": "github"
      }
    },
    "nvim-notify": {
      "flake": false,
      "locked": {
        "lastModified": 1727022370,
        "narHash": "sha256-Sd7IR5roXHOKRCxhqtYMhWfEltyRJMDEMDO/ecSKenE=",
        "owner": "rcarriga",
        "repo": "nvim-notify",
        "rev": "fbef5d32be8466dd76544a257d3f3dce20082a07",
        "type": "github"
      },
      "original": {
        "owner": "rcarriga",
        "repo": "nvim-notify",
        "type": "github"
      }
    },
    "nvim-spectre": {
      "flake": false,
      "locked": {
        "lastModified": 1729991724,
        "narHash": "sha256-W9hCUSJfXNepdGvff1ZYAN+67/W+6NjarNAl9a5/YRM=",
        "owner": "nvim-pack",
        "repo": "nvim-spectre",
        "rev": "08be31c104df3b4b049607694ebb2b6ced4f928b",
        "type": "github"
      },
      "original": {
        "owner": "nvim-pack",
        "repo": "nvim-spectre",
        "type": "github"
      }
    },
    "nvim-transparent": {
      "flake": false,
      "locked": {
        "lastModified": 1724573095,
        "narHash": "sha256-6jOLgcWqnVzabT2+CehY92Z4mYzJHiRiInn5T5OXqZE=",
        "owner": "xiyaowong",
        "repo": "nvim-transparent",
        "rev": "8a2749a2fa74f97fe6557f61b89ac7fd873f3c21",
        "type": "github"
      },
      "original": {
        "owner": "xiyaowong",
        "repo": "nvim-transparent",
        "type": "github"
      }
    },
    "nvim-treesitter": {
      "flake": false,
      "locked": {
        "lastModified": 1734966641,
        "narHash": "sha256-zI/TZKvr3CzybdCpZ1xvc/jwgsTmV68fOp7iAQLDnOE=",
        "owner": "nvim-treesitter",
        "repo": "nvim-treesitter",
        "rev": "b4897f5a8453e7efeafb21ff5b2bbdc2e3faf1bd",
        "type": "github"
      },
      "original": {
        "owner": "nvim-treesitter",
        "repo": "nvim-treesitter",
        "type": "github"
      }
    },
    "nvim-treesitter-playground": {
      "flake": false,
      "locked": {
        "lastModified": 1694797903,
        "narHash": "sha256-gOQr61Y3bVa6EAb0P924X9SJmg9lOmGiLcFTMdgu8u0=",
        "owner": "nvim-treesitter",
        "repo": "playground",
        "rev": "ba48c6a62a280eefb7c85725b0915e021a1a0749",
        "type": "github"
      },
      "original": {
        "owner": "nvim-treesitter",
        "repo": "playground",
        "type": "github"
      }
    },
    "nvim-treesitter-textobjects": {
      "flake": false,
      "locked": {
        "lastModified": 1732260993,
        "narHash": "sha256-b/7Bz7L83KL+uZC1bRJ4PrzPVK/NaCKSx4VCHlPcdCM=",
        "owner": "nvim-treesitter",
        "repo": "nvim-treesitter-textobjects",
        "rev": "ad8f0a472148c3e0ae9851e26a722ee4e29b1595",
        "type": "github"
      },
      "original": {
        "owner": "nvim-treesitter",
        "repo": "nvim-treesitter-textobjects",
        "type": "github"
      }
    },
    "nvim-ts-commentstring": {
      "flake": false,
      "locked": {
        "lastModified": 1733574156,
        "narHash": "sha256-AjDM3+n4+lNBQi8P2Yrh0Ab06uYCndBQT9TX36rDbOM=",
        "owner": "JoosepAlviste",
        "repo": "nvim-ts-context-commentstring",
        "rev": "1b212c2eee76d787bbea6aa5e92a2b534e7b4f8f",
        "type": "github"
      },
      "original": {
        "owner": "JoosepAlviste",
        "repo": "nvim-ts-context-commentstring",
        "type": "github"
      }
    },
    "nvim-web-devicons": {
      "flake": false,
      "locked": {
        "lastModified": 1734903167,
        "narHash": "sha256-KoQvfeHvn63thEgcaFOssjnNOOOQIn2C3ENcL0UlZ6s=",
        "owner": "nvim-tree",
        "repo": "nvim-web-devicons",
        "rev": "15c7d0f616ebf88960ce5c4221828f62789d36d9",
        "type": "github"
      },
      "original": {
        "owner": "nvim-tree",
        "repo": "nvim-web-devicons",
        "type": "github"
      }
    },
    "persistence": {
      "flake": false,
      "locked": {
        "lastModified": 1721651155,
        "narHash": "sha256-QRmvGnwFSlyhquYLbTSZcSZ5G7Wow5AcTiPNgX0DVQc=",
        "owner": "folke",
        "repo": "persistence.nvim",
        "rev": "f6aad7dde7fcf54148ccfc5f622c6d5badd0cc3d",
        "type": "github"
      },
      "original": {
        "owner": "folke",
        "repo": "persistence.nvim",
        "type": "github"
      }
    },
    "plenary": {
      "flake": false,
      "locked": {
        "lastModified": 1726602776,
        "narHash": "sha256-bmmPekAvuBvLQmrnnX0n+FRBqfVxBsObhxIEkDGAla4=",
        "owner": "nvim-lua",
        "repo": "plenary.nvim",
        "rev": "2d9b06177a975543726ce5c73fca176cedbffe9d",
        "type": "github"
      },
      "original": {
        "owner": "nvim-lua",
        "repo": "plenary.nvim",
        "type": "github"
      }
    },
    "prettier": {
      "flake": false,
      "locked": {
        "lastModified": 1696902924,
        "narHash": "sha256-5fQIXYOCdQ4KltY23PFa49H0SwJmMCvE+RxPffAFq8I=",
        "owner": "prettier",
        "repo": "vim-prettier",
        "rev": "7dbdbb12c50a9f4ba72390cce2846248e4368fd0",
        "type": "github"
      },
      "original": {
        "owner": "prettier",
        "repo": "vim-prettier",
        "type": "github"
      }
    },
    "root": {
      "inputs": {
        "bufferline": "bufferline",
        "cmp-buffer": "cmp-buffer",
        "cmp-luasnip": "cmp-luasnip",
        "cmp-nvim-lsp": "cmp-nvim-lsp",
        "cmp-path": "cmp-path",
        "crates-nvim": "crates-nvim",
        "dressing": "dressing",
        "dropbar": "dropbar",
        "flake-utils": "flake-utils",
        "friendly-snippets": "friendly-snippets",
        "gitsigns": "gitsigns",
        "gruvbox": "gruvbox",
        "gruvbox-material": "gruvbox-material",
        "hex-nvim": "hex-nvim",
        "inc-rename": "inc-rename",
        "leap": "leap",
        "lsp-status": "lsp-status",
        "lspkind": "lspkind",
        "lua-snip": "lua-snip",
        "lualine": "lualine",
        "mini-ai": "mini-ai",
        "mini-bufremove": "mini-bufremove",
        "mini-comment": "mini-comment",
        "mini-icons": "mini-icons",
        "mini-indentscope": "mini-indentscope",
        "mini-pairs": "mini-pairs",
        "neo-tree": "neo-tree",
        "neoconf": "neoconf",
        "neodev": "neodev",
        "neovim-nightly-overlay": "neovim-nightly-overlay",
        "nixpkgs": "nixpkgs_2",
        "noice": "noice",
        "nui": "nui",
        "null-ls": "null-ls",
        "nvim-cmp": "nvim-cmp",
        "nvim-lspconfig": "nvim-lspconfig",
        "nvim-navic": "nvim-navic",
        "nvim-notify": "nvim-notify",
        "nvim-spectre": "nvim-spectre",
        "nvim-transparent": "nvim-transparent",
        "nvim-treesitter": "nvim-treesitter",
        "nvim-treesitter-playground": "nvim-treesitter-playground",
        "nvim-treesitter-textobjects": "nvim-treesitter-textobjects",
        "nvim-ts-commentstring": "nvim-ts-commentstring",
        "nvim-web-devicons": "nvim-web-devicons",
        "persistence": "persistence",
        "plenary": "plenary",
        "prettier": "prettier",
        "rust-tools": "rust-tools",
        "telescope": "telescope",
        "todo-comments": "todo-comments",
        "toggleterm": "toggleterm",
        "tokyonight": "tokyonight",
        "trouble": "trouble",
        "vim-illuminate": "vim-illuminate",
        "vim-surround": "vim-surround",
        "vim-visual-multi": "vim-visual-multi",
        "which-key": "which-key",
        "xcodebuild": "xcodebuild",
        "zen-mode": "zen-mode"
      }
    },
    "rust-tools": {
      "flake": false,
      "locked": {
        "lastModified": 1704259376,
        "narHash": "sha256-kFane5ze7VDiOzF7jdmXkr50XQsNvdb+a9HQtybEVE0=",
        "owner": "simrat39",
        "repo": "rust-tools.nvim",
        "rev": "676187908a1ce35ffcd727c654ed68d851299d3e",
        "type": "github"
      },
      "original": {
        "owner": "simrat39",
        "repo": "rust-tools.nvim",
        "type": "github"
      }
    },
    "systems": {
      "locked": {
        "lastModified": 1681028828,
        "narHash": "sha256-Vy1rq5AaRuLzOxct8nz4T6wlgyUR7zLU309k9mBC768=",
        "owner": "nix-systems",
        "repo": "default",
        "rev": "da67096a3b9bf56a91d16901293e51ba5b49a27e",
        "type": "github"
      },
      "original": {
        "owner": "nix-systems",
        "repo": "default",
        "type": "github"
      }
    },
    "telescope": {
      "flake": false,
      "locked": {
        "lastModified": 1732884846,
        "narHash": "sha256-npb61MZYAotz71Co5G1dUeIqWt7GVeqZNz0A2Yz2dy4=",
        "owner": "nvim-telescope",
        "repo": "telescope.nvim",
        "rev": "2eca9ba22002184ac05eddbe47a7fe2d5a384dfc",
        "type": "github"
      },
      "original": {
        "owner": "nvim-telescope",
        "repo": "telescope.nvim",
        "type": "github"
      }
    },
    "todo-comments": {
      "flake": false,
      "locked": {
        "lastModified": 1726481242,
        "narHash": "sha256-EH4Sy7qNkzOgA1INFzrtsRfD79TgMqSbKUdundyw22w=",
        "owner": "folke",
        "repo": "todo-comments.nvim",
        "rev": "ae0a2afb47cf7395dc400e5dc4e05274bf4fb9e0",
        "type": "github"
      },
      "original": {
        "owner": "folke",
        "repo": "todo-comments.nvim",
        "type": "github"
      }
    },
    "toggleterm": {
      "flake": false,
      "locked": {
        "lastModified": 1731162901,
        "narHash": "sha256-g1FwgCc3a8Fak0Nb0gQQ+SI44uyAGaH1tIk1qpaAPEY=",
        "owner": "akinsho",
        "repo": "toggleterm.nvim",
        "rev": "87b2d6a3cab8e2bd9a0255427074285f0365398d",
        "type": "github"
      },
      "original": {
        "owner": "akinsho",
        "repo": "toggleterm.nvim",
        "type": "github"
      }
    },
    "tokyonight": {
      "flake": false,
      "locked": {
        "lastModified": 1734211493,
        "narHash": "sha256-TJ/a6N6Cc1T0wdMxMopma1NtwL7rMYbZ6F0zFI1zaIA=",
        "owner": "folke",
        "repo": "tokyonight.nvim",
        "rev": "45d22cf0e1b93476d3b6d362d720412b3d34465c",
        "type": "github"
      },
      "original": {
        "owner": "folke",
        "repo": "tokyonight.nvim",
        "type": "github"
      }
    },
    "treefmt-nix": {
      "inputs": {
        "nixpkgs": [
          "neovim-nightly-overlay",
          "nixpkgs"
        ]
      },
      "locked": {
        "lastModified": 1736154270,
        "narHash": "sha256-p2r8xhQZ3TYIEKBoiEhllKWQqWNJNoT9v64Vmg4q8Zw=",
        "owner": "numtide",
        "repo": "treefmt-nix",
        "rev": "13c913f5deb3a5c08bb810efd89dc8cb24dd968b",
        "type": "github"
      },
      "original": {
        "owner": "numtide",
        "repo": "treefmt-nix",
        "type": "github"
      }
    },
    "trouble": {
      "flake": false,
      "locked": {
        "lastModified": 1732701472,
        "narHash": "sha256-JhnERZfma2JHFEn/DElVmrSU5KxM2asx3SJ+86lCfoo=",
        "owner": "folke",
        "repo": "trouble.nvim",
        "rev": "46cf952fc115f4c2b98d4e208ed1e2dce08c9bf6",
        "type": "github"
      },
      "original": {
        "owner": "folke",
        "repo": "trouble.nvim",
        "type": "github"
      }
    },
    "vim-illuminate": {
      "flake": false,
      "locked": {
        "lastModified": 1715960194,
        "narHash": "sha256-DdJzTHxoOv+vjFymETa2MgXpM/qDwvZjpoo1W8OOBj0=",
        "owner": "RRethy",
        "repo": "vim-illuminate",
        "rev": "5eeb7951fc630682c322e88a9bbdae5c224ff0aa",
        "type": "github"
      },
      "original": {
        "owner": "RRethy",
        "repo": "vim-illuminate",
        "type": "github"
      }
    },
    "vim-surround": {
      "flake": false,
      "locked": {
        "lastModified": 1666730476,
        "narHash": "sha256-DZE5tkmnT+lAvx/RQHaDEgEJXRKsy56KJY919xiH1lE=",
        "owner": "tpope",
        "repo": "vim-surround",
        "rev": "3d188ed2113431cf8dac77be61b842acb64433d9",
        "type": "github"
      },
      "original": {
        "owner": "tpope",
        "repo": "vim-surround",
        "type": "github"
      }
    },
    "vim-visual-multi": {
      "flake": false,
      "locked": {
        "lastModified": 1725214162,
        "narHash": "sha256-KzBWkB/PYph6OfuF0GgNFYgqUAwMYbQQZbaaG9XuWZY=",
        "owner": "mg979",
        "repo": "vim-visual-multi",
        "rev": "a6975e7c1ee157615bbc80fc25e4392f71c344d4",
        "type": "github"
      },
      "original": {
        "owner": "mg979",
        "repo": "vim-visual-multi",
        "type": "github"
      }
    },
    "which-key": {
      "flake": false,
      "locked": {
        "lastModified": 1734253151,
        "narHash": "sha256-f/+sYMDEguB5ZDiYiQAsDvdF/2cVcWnLBU+9qwigk4s=",
        "owner": "folke",
        "repo": "which-key.nvim",
        "rev": "8ab96b38a2530eacba5be717f52e04601eb59326",
        "type": "github"
      },
      "original": {
        "owner": "folke",
        "repo": "which-key.nvim",
        "type": "github"
      }
    },
    "xcodebuild": {
      "flake": false,
      "locked": {
        "lastModified": 1733837442,
        "narHash": "sha256-6IqRPdJaegaE0dtZrIPyDYdVou9SHYi03eR1NrIuI3Y=",
        "owner": "wojciech-kulik",
        "repo": "xcodebuild.nvim",
        "rev": "157197db1c701b6b3fc340f6d8213aa4a1fa07ac",
        "type": "github"
      },
      "original": {
        "owner": "wojciech-kulik",
        "repo": "xcodebuild.nvim",
        "type": "github"
      }
    },
    "zen-mode": {
      "flake": false,
      "locked": {
        "lastModified": 1733909800,
        "narHash": "sha256-TofQ1o5+LH3/1aoLr90oLbBaXFFtu62SXifH5oyj2/k=",
        "owner": "folke",
        "repo": "zen-mode.nvim",
        "rev": "863f150ca321b3dd8aa1a2b69b5f411a220e144f",
        "type": "github"
      },
      "original": {
        "owner": "folke",
        "repo": "zen-mode.nvim",
        "type": "github"
      }
    }
  },
  "root": "root",
  "version": 7
}
